
Microsoft Visual Studio Solution File, Format Version 12.00
# Visual Studio Version 17
VisualStudioVersion = 17.5.002.0
MinimumVisualStudioVersion = 10.0.40219.1
Project("{9A19103F-16F7-4668-BE54-9A1E7A4F7556}") = "ProductApp", "ProductApp.csproj", "{3B1FBD1C-EE75-4CDC-AE55-82120401882F}"
EndProject
Global
	GlobalSection(SolutionConfigurationPlatforms) = preSolution
		Debug|Any CPU = Debug|Any CPU
		Release|Any CPU = Release|Any CPU
	EndGlobalSection
	GlobalSection(ProjectConfigurationPlatforms) = postSolution
		{3B1FBD1C-EE75-4CDC-AE55-82120401882F}.Debug|Any CPU.ActiveCfg = Debug|Any CPU
		{3B1FBD1C-EE75-4CDC-AE55-82120401882F}.Debug|Any CPU.Build.0 = Debug|Any CPU
		{3B1FBD1C-EE75-4CDC-AE55-82120401882F}.Release|Any CPU.ActiveCfg = Release|Any CPU
		{3B1FBD1C-EE75-4CDC-AE55-82120401882F}.Release|Any CPU.Build.0 = Release|Any CPU
	EndGlobalSection
	GlobalSection(SolutionProperties) = preSolution
		HideSolutionNode = FALSE
	EndGlobalSection
	GlobalSection(ExtensibilityGlobals) = postSolution
		SolutionGuid = {9B584337-639E-4FED-8393-B4247CBD46F9}
	EndGlobalSection
EndGlobal
